
Microsoft Visual Studio Solution File, Format Version 12.00
# Visual Studio Version 17
VisualStudioVersion = 17.2.32616.157
MinimumVisualStudioVersion = 10.0.40219.1
Project("{FAE04EC0-301F-11D3-BF4B-00C04F79EFBC}") = "RGTKeyboard", "RGTKeyboard\RGTKeyboard.csproj", "{0BD3EB05-2B83-4D37-8DAC-00FB0E4AF64F}"
EndProject
Global
	GlobalSection(SolutionConfigurationPlatforms) = preSolution
		Debug|Any CPU = Debug|Any CPU
		Release|Any CPU = Release|Any CPU
	EndGlobalSection
	GlobalSection(ProjectConfigurationPlatforms) = postSolution
		{0BD3EB05-2B83-4D37-8DAC-00FB0E4AF64F}.Debug|Any CPU.ActiveCfg = Debug|Any CPU
		{0BD3EB05-2B83-4D37-8DAC-00FB0E4AF64F}.Debug|Any CPU.Build.0 = Debug|Any CPU
		{0BD3EB05-2B83-4D37-8DAC-00FB0E4AF64F}.Release|Any CPU.ActiveCfg = Release|Any CPU
		{0BD3EB05-2B83-4D37-8DAC-00FB0E4AF64F}.Release|Any CPU.Build.0 = Release|Any CPU
	EndGlobalSection
	GlobalSection(SolutionProperties) = preSolution
		HideSolutionNode = FALSE
	EndGlobalSection
	GlobalSection(ExtensibilityGlobals) = postSolution
		SolutionGuid = {2147C31C-912F-4BFF-ABD8-24F77FA1EB19}
	EndGlobalSection
EndGlobal
